
Microsoft Visual Studio Solution File, Format Version 11.00
# Visual Studio 2010
Project("{FAE04EC0-301F-11D3-BF4B-00C04F79EFBC}") = "Rottehullet_Management", "Rottehullet_Management\Rottehullet_Management.csproj", "{241C095C-4405-4D60-8709-B2FAFBA5D31A}"
EndProject
Global
	GlobalSection(SubversionScc) = preSolution
		Svn-Managed = True
		Manager = AnkhSVN - Subversion Support for Visual Studio
	EndGlobalSection
	GlobalSection(SolutionConfigurationPlatforms) = preSolution
		Debug|x86 = Debug|x86
		Release|x86 = Release|x86
	EndGlobalSection
	GlobalSection(ProjectConfigurationPlatforms) = postSolution
		{241C095C-4405-4D60-8709-B2FAFBA5D31A}.Debug|x86.ActiveCfg = Debug|x86
		{241C095C-4405-4D60-8709-B2FAFBA5D31A}.Debug|x86.Build.0 = Debug|x86
		{241C095C-4405-4D60-8709-B2FAFBA5D31A}.Release|x86.ActiveCfg = Release|x86
		{241C095C-4405-4D60-8709-B2FAFBA5D31A}.Release|x86.Build.0 = Release|x86
	EndGlobalSection
	GlobalSection(SolutionProperties) = preSolution
		HideSolutionNode = FALSE
	EndGlobalSection
EndGlobal
